
Microsoft Visual Studio Solution File, Format Version 12.00
# Visual Studio Version 17
VisualStudioVersion = 17.11.35208.52
MinimumVisualStudioVersion = 10.0.40219.1
Project("{FAE04EC0-301F-11D3-BF4B-00C04F79EFBC}") = "Sistema_de_evaluacion", "Sistema_de_evaluacion\Sistema_de_evaluacion.csproj", "{4F0AF468-9EA1-41CC-A1F5-57419098EF16}"
EndProject
Global
	GlobalSection(SolutionConfigurationPlatforms) = preSolution
		Debug|Any CPU = Debug|Any CPU
		Release|Any CPU = Release|Any CPU
	EndGlobalSection
	GlobalSection(ProjectConfigurationPlatforms) = postSolution
		{4F0AF468-9EA1-41CC-A1F5-57419098EF16}.Debug|Any CPU.ActiveCfg = Debug|Any CPU
		{4F0AF468-9EA1-41CC-A1F5-57419098EF16}.Debug|Any CPU.Build.0 = Debug|Any CPU
		{4F0AF468-9EA1-41CC-A1F5-57419098EF16}.Release|Any CPU.ActiveCfg = Release|Any CPU
		{4F0AF468-9EA1-41CC-A1F5-57419098EF16}.Release|Any CPU.Build.0 = Release|Any CPU
	EndGlobalSection
	GlobalSection(SolutionProperties) = preSolution
		HideSolutionNode = FALSE
	EndGlobalSection
	GlobalSection(ExtensibilityGlobals) = postSolution
		SolutionGuid = {BA977664-9BD3-4CE1-A10C-CB1ADCE6BDF3}
	EndGlobalSection
EndGlobal
